
Microsoft Visual Studio Solution File, Format Version 12.00
# Visual Studio Version 17
VisualStudioVersion = 17.0.31903.59
MinimumVisualStudioVersion = 10.0.40219.1
Project("{2150E333-8FDC-42A3-9474-1A3956D46DE8}") = "src", "src", "{39BB74D9-440A-4C05-A206-80D81A11B44B}"
EndProject
Project("{FAE04EC0-301F-11D3-BF4B-00C04F79EFBC}") = "AuctionService", "src\AuctionService\AuctionService.csproj", "{F901CC4A-3CEA-4CFB-8168-6960BAC291E4}"
EndProject
Project("{FAE04EC0-301F-11D3-BF4B-00C04F79EFBC}") = "SearchService", "src\SearchService\SearchService.csproj", "{6CF360C0-F377-4670-95D1-38E6FF18E987}"
EndProject
Project("{FAE04EC0-301F-11D3-BF4B-00C04F79EFBC}") = "Contracts", "src\Contracts\Contracts.csproj", "{1C312AA2-102D-4356-AEB2-0639C8F361E9}"
EndProject
Project("{FAE04EC0-301F-11D3-BF4B-00C04F79EFBC}") = "IdentityService", "src\IdentityService\IdentityService.csproj", "{EC83483D-ACBC-428A-A5B2-2305A93745D8}"
EndProject
Project("{FAE04EC0-301F-11D3-BF4B-00C04F79EFBC}") = "GatewayService", "src\GatewayService\GatewayService.csproj", "{BA4C8E10-9C92-49E4-BB5B-9940C3CF766D}"
EndProject
Project("{2150E333-8FDC-42A3-9474-1A3956D46DE8}") = "tests", "tests", "{CB237AB4-3984-4EDE-933D-3A64C0398C2F}"
EndProject
Project("{FAE04EC0-301F-11D3-BF4B-00C04F79EFBC}") = "AuctionService.UnitTests", "tests\AuctionService.UnitTests\AuctionService.UnitTests.csproj", "{937D9F02-6F05-443B-B7FB-7D4FD7AE0B81}"
EndProject
Project("{FAE04EC0-301F-11D3-BF4B-00C04F79EFBC}") = "AuctionService.IntegrationTests", "tests\AuctionService.IntegrationTests\AuctionService.IntegrationTests.csproj", "{06E82645-220C-48CD-AEB8-21FFBFC228D1}"
EndProject
Project("{FAE04EC0-301F-11D3-BF4B-00C04F79EFBC}") = "BiddingService", "src\BiddingService\BiddingService.csproj", "{5EFBD94F-BCCC-4E50-B27B-96B540C60E0E}"
EndProject
Project("{FAE04EC0-301F-11D3-BF4B-00C04F79EFBC}") = "NotificationService", "src\NotificationService\NotificationService.csproj", "{1EDF683C-AF6D-471A-AA31-512515550BDE}"
EndProject
Global
	GlobalSection(SolutionConfigurationPlatforms) = preSolution
		Debug|Any CPU = Debug|Any CPU
		Release|Any CPU = Release|Any CPU
	EndGlobalSection
	GlobalSection(SolutionProperties) = preSolution
		HideSolutionNode = FALSE
	EndGlobalSection
	GlobalSection(ProjectConfigurationPlatforms) = postSolution
		{F901CC4A-3CEA-4CFB-8168-6960BAC291E4}.Debug|Any CPU.ActiveCfg = Debug|Any CPU
		{F901CC4A-3CEA-4CFB-8168-6960BAC291E4}.Debug|Any CPU.Build.0 = Debug|Any CPU
		{F901CC4A-3CEA-4CFB-8168-6960BAC291E4}.Release|Any CPU.ActiveCfg = Release|Any CPU
		{F901CC4A-3CEA-4CFB-8168-6960BAC291E4}.Release|Any CPU.Build.0 = Release|Any CPU
		{6CF360C0-F377-4670-95D1-38E6FF18E987}.Debug|Any CPU.ActiveCfg = Debug|Any CPU
		{6CF360C0-F377-4670-95D1-38E6FF18E987}.Debug|Any CPU.Build.0 = Debug|Any CPU
		{6CF360C0-F377-4670-95D1-38E6FF18E987}.Release|Any CPU.ActiveCfg = Release|Any CPU
		{6CF360C0-F377-4670-95D1-38E6FF18E987}.Release|Any CPU.Build.0 = Release|Any CPU
		{1C312AA2-102D-4356-AEB2-0639C8F361E9}.Debug|Any CPU.ActiveCfg = Debug|Any CPU
		{1C312AA2-102D-4356-AEB2-0639C8F361E9}.Debug|Any CPU.Build.0 = Debug|Any CPU
		{1C312AA2-102D-4356-AEB2-0639C8F361E9}.Release|Any CPU.ActiveCfg = Release|Any CPU
		{1C312AA2-102D-4356-AEB2-0639C8F361E9}.Release|Any CPU.Build.0 = Release|Any CPU
		{EC83483D-ACBC-428A-A5B2-2305A93745D8}.Debug|Any CPU.ActiveCfg = Debug|Any CPU
		{EC83483D-ACBC-428A-A5B2-2305A93745D8}.Debug|Any CPU.Build.0 = Debug|Any CPU
		{EC83483D-ACBC-428A-A5B2-2305A93745D8}.Release|Any CPU.ActiveCfg = Release|Any CPU
		{EC83483D-ACBC-428A-A5B2-2305A93745D8}.Release|Any CPU.Build.0 = Release|Any CPU
		{BA4C8E10-9C92-49E4-BB5B-9940C3CF766D}.Debug|Any CPU.ActiveCfg = Debug|Any CPU
		{BA4C8E10-9C92-49E4-BB5B-9940C3CF766D}.Debug|Any CPU.Build.0 = Debug|Any CPU
		{BA4C8E10-9C92-49E4-BB5B-9940C3CF766D}.Release|Any CPU.ActiveCfg = Release|Any CPU
		{BA4C8E10-9C92-49E4-BB5B-9940C3CF766D}.Release|Any CPU.Build.0 = Release|Any CPU
		{937D9F02-6F05-443B-B7FB-7D4FD7AE0B81}.Debug|Any CPU.ActiveCfg = Debug|Any CPU
		{937D9F02-6F05-443B-B7FB-7D4FD7AE0B81}.Debug|Any CPU.Build.0 = Debug|Any CPU
		{937D9F02-6F05-443B-B7FB-7D4FD7AE0B81}.Release|Any CPU.ActiveCfg = Release|Any CPU
		{937D9F02-6F05-443B-B7FB-7D4FD7AE0B81}.Release|Any CPU.Build.0 = Release|Any CPU
		{06E82645-220C-48CD-AEB8-21FFBFC228D1}.Debug|Any CPU.ActiveCfg = Debug|Any CPU
		{06E82645-220C-48CD-AEB8-21FFBFC228D1}.Debug|Any CPU.Build.0 = Debug|Any CPU
		{06E82645-220C-48CD-AEB8-21FFBFC228D1}.Release|Any CPU.ActiveCfg = Release|Any CPU
		{06E82645-220C-48CD-AEB8-21FFBFC228D1}.Release|Any CPU.Build.0 = Release|Any CPU
		{5EFBD94F-BCCC-4E50-B27B-96B540C60E0E}.Debug|Any CPU.ActiveCfg = Debug|Any CPU
		{5EFBD94F-BCCC-4E50-B27B-96B540C60E0E}.Debug|Any CPU.Build.0 = Debug|Any CPU
		{5EFBD94F-BCCC-4E50-B27B-96B540C60E0E}.Release|Any CPU.ActiveCfg = Release|Any CPU
		{5EFBD94F-BCCC-4E50-B27B-96B540C60E0E}.Release|Any CPU.Build.0 = Release|Any CPU
		{1EDF683C-AF6D-471A-AA31-512515550BDE}.Debug|Any CPU.ActiveCfg = Debug|Any CPU
		{1EDF683C-AF6D-471A-AA31-512515550BDE}.Debug|Any CPU.Build.0 = Debug|Any CPU
		{1EDF683C-AF6D-471A-AA31-512515550BDE}.Release|Any CPU.ActiveCfg = Release|Any CPU
		{1EDF683C-AF6D-471A-AA31-512515550BDE}.Release|Any CPU.Build.0 = Release|Any CPU
	EndGlobalSection
	GlobalSection(NestedProjects) = preSolution
		{F901CC4A-3CEA-4CFB-8168-6960BAC291E4} = {39BB74D9-440A-4C05-A206-80D81A11B44B}
		{6CF360C0-F377-4670-95D1-38E6FF18E987} = {39BB74D9-440A-4C05-A206-80D81A11B44B}
		{1C312AA2-102D-4356-AEB2-0639C8F361E9} = {39BB74D9-440A-4C05-A206-80D81A11B44B}
		{EC83483D-ACBC-428A-A5B2-2305A93745D8} = {39BB74D9-440A-4C05-A206-80D81A11B44B}
		{BA4C8E10-9C92-49E4-BB5B-9940C3CF766D} = {39BB74D9-440A-4C05-A206-80D81A11B44B}
		{937D9F02-6F05-443B-B7FB-7D4FD7AE0B81} = {CB237AB4-3984-4EDE-933D-3A64C0398C2F}
		{06E82645-220C-48CD-AEB8-21FFBFC228D1} = {CB237AB4-3984-4EDE-933D-3A64C0398C2F}
		{5EFBD94F-BCCC-4E50-B27B-96B540C60E0E} = {39BB74D9-440A-4C05-A206-80D81A11B44B}
		{1EDF683C-AF6D-471A-AA31-512515550BDE} = {39BB74D9-440A-4C05-A206-80D81A11B44B}
	EndGlobalSection
EndGlobal
